<?xml version="1.0" encoding="utf-8"?>
<Project ToolsVersion="4.0" xmlns="http://schemas.microsoft.com/developer/msbuild/2003">
  <ItemGroup>
    <Filter Include="源文件">
      <UniqueIdentifier>{4FC737F1-C7A5-4376-A066-2A32D752A2FF}</UniqueIdentifier>
      <Extensions>cpp;c;cc;cxx;def;odl;idl;hpj;bat;asm;asmx</Extensions>
    </Filter>
    <Filter Include="头文件">
      <UniqueIdentifier>{93995380-89BD-4b04-88EB-625FBE52EBFB}</UniqueIdentifier>
      <Extensions>h;hh;hpp;hxx;hm;inl;inc;ipp;xsd</Extensions>
    </Filter>
    <Filter Include="资源文件">
      <UniqueIdentifier>{67DA6AB6-F800-4c08-8B7A-83BB121AAD01}</UniqueIdentifier>
      <Extensions>rc;ico;cur;bmp;dlg;rc2;rct;bin;rgs;gif;jpg;jpeg;jpe;resx;tiff;tif;png;wav;mfcribbon-ms</Extensions>
    </Filter>
    <Filter Include="json_parser_testcase">
      <UniqueIdentifier>{af314fc2-d109-4eb1-bae9-f81b2bb46181}</UniqueIdentifier>
    </Filter>
    <Filter Include="ayy_json">
      <UniqueIdentifier>{e589ed62-8b67-4f24-ac57-23f5f3cc9a75}</UniqueIdentifier>
    </Filter>
  </ItemGroup>
  <ItemGroup>
    <ClCompile Include="btree.cpp">
      <Filter>源文件</Filter>
    </ClCompile>
    <ClCompile Include="main.cpp">
      <Filter>源文件</Filter>
    </ClCompile>
    <ClCompile Include="two_sum.hpp">
      <Filter>源文件</Filter>
    </ClCompile>
    <ClCompile Include="add_two_numbers.hpp">
      <Filter>源文件</Filter>
    </ClCompile>
    <ClCompile Include="json_parser_testcase\testcase.cpp">
      <Filter>json_parser_testcase</Filter>
    </ClCompile>
    <ClCompile Include="ayy_json\lex.cpp">
      <Filter>ayy_json</Filter>
    </ClCompile>
    <ClCompile Include="ayy_json\parser.cpp">
      <Filter>ayy_json</Filter>
    </ClCompile>
    <ClCompile Include="ayy_json\dfa.cpp">
      <Filter>ayy_json</Filter>
    </ClCompile>
    <ClCompile Include="json_parser_testcase\dfa_ref.cpp">
      <Filter>json_parser_testcase</Filter>
    </ClCompile>
  </ItemGroup>
  <ItemGroup>
    <ClInclude Include="btree.h">
      <Filter>头文件</Filter>
    </ClInclude>
    <ClInclude Include="length_of_longest_sub_string.hpp">
      <Filter>源文件</Filter>
    </ClInclude>
    <ClInclude Include="longest_palindrome.hpp">
      <Filter>源文件</Filter>
    </ClInclude>
    <ClInclude Include="intersection_of_two_linked_lists.hpp">
      <Filter>源文件</Filter>
    </ClInclude>
    <ClInclude Include="linked_list_cycle_ii.hpp">
      <Filter>源文件</Filter>
    </ClInclude>
    <ClInclude Include="reverse_linked_list_206.hpp">
      <Filter>源文件</Filter>
    </ClInclude>
    <ClInclude Include="convert_binary_number_in_a_linked_list_to_integer_1290.hpp">
      <Filter>源文件</Filter>
    </ClInclude>
    <ClInclude Include="binary_tree_inorder_traversal_94.hpp">
      <Filter>源文件</Filter>
    </ClInclude>
    <ClInclude Include="same_tree_100.hpp">
      <Filter>源文件</Filter>
    </ClInclude>
    <ClInclude Include="minimum_path_sum_64.hpp">
      <Filter>源文件</Filter>
    </ClInclude>
    <ClInclude Include="unique_path_62.hpp">
      <Filter>源文件</Filter>
    </ClInclude>
    <ClInclude Include="unique_path_ii_63.hpp">
      <Filter>源文件</Filter>
    </ClInclude>
    <ClInclude Include="climbing_stairs_70.hpp">
      <Filter>源文件</Filter>
    </ClInclude>
    <ClInclude Include="maximum_subarray.hpp">
      <Filter>源文件</Filter>
    </ClInclude>
    <ClInclude Include="symmetric_tree_101.hpp">
      <Filter>源文件</Filter>
    </ClInclude>
    <ClInclude Include="minimum_depth_of_binary_tree_111.hpp">
      <Filter>源文件</Filter>
    </ClInclude>
    <ClInclude Include="surrounded_regions_130.hpp">
      <Filter>源文件</Filter>
    </ClInclude>
    <ClInclude Include="binary_tree_dfs_bfs_test.hpp">
      <Filter>源文件</Filter>
    </ClInclude>
    <ClInclude Include="remove_Nth_node_from_end_of_list_19.hpp">
      <Filter>源文件</Filter>
    </ClInclude>
    <ClInclude Include="swap_nodes_in_pairs_24.hpp">
      <Filter>源文件</Filter>
    </ClInclude>
    <ClInclude Include="merge_two_sorted_lists_21.hpp">
      <Filter>源文件</Filter>
    </ClInclude>
    <ClInclude Include="merge_k_sorted_lists_23.hpp">
      <Filter>源文件</Filter>
    </ClInclude>
    <ClInclude Include="rotate_list_61.hpp">
      <Filter>源文件</Filter>
    </ClInclude>
    <ClInclude Include="palindrome_number_9.hpp">
      <Filter>源文件</Filter>
    </ClInclude>
    <ClInclude Include="longest_common_prefix_14.hpp">
      <Filter>源文件</Filter>
    </ClInclude>
    <ClInclude Include="letter_combinations_of_a_phone_number_17.hpp">
      <Filter>源文件</Filter>
    </ClInclude>
    <ClInclude Include="valid_parentheses_20.hpp">
      <Filter>源文件</Filter>
    </ClInclude>
    <ClInclude Include="jump_game_ii_45.hpp">
      <Filter>源文件</Filter>
    </ClInclude>
    <ClInclude Include="jump_game_55.hpp">
      <Filter>源文件</Filter>
    </ClInclude>
    <ClInclude Include="remove_element_27.hpp">
      <Filter>源文件</Filter>
    </ClInclude>
    <ClInclude Include="solve_queens_51.hpp">
      <Filter>源文件</Filter>
    </ClInclude>
    <ClInclude Include="N_queens_II_52.hpp">
      <Filter>源文件</Filter>
    </ClInclude>
    <ClInclude Include="spiral_matrix_54.hpp">
      <Filter>源文件</Filter>
    </ClInclude>
    <ClInclude Include="spiral_matrix_ii_59.hpp">
      <Filter>源文件</Filter>
    </ClInclude>
    <ClInclude Include="plus_one_66.hpp">
      <Filter>源文件</Filter>
    </ClInclude>
    <ClInclude Include="merge_intervals_56.hpp">
      <Filter>源文件</Filter>
    </ClInclude>
    <ClInclude Include="add_binary_67.hpp">
      <Filter>源文件</Filter>
    </ClInclude>
    <ClInclude Include="validate_binary_search_tree_98.hpp">
      <Filter>源文件</Filter>
    </ClInclude>
    <ClInclude Include="generate_parentheses_22.hpp">
      <Filter>源文件</Filter>
    </ClInclude>
    <ClInclude Include="maximum_depth_of_binary_tree_104.hpp">
      <Filter>源文件</Filter>
    </ClInclude>
    <ClInclude Include="combination_sum_39.hpp">
      <Filter>源文件</Filter>
    </ClInclude>
    <ClInclude Include="combination_sum_ii_40.hpp">
      <Filter>源文件</Filter>
    </ClInclude>
<<<<<<< HEAD
    <ClInclude Include="json_parser\json_parser.h">
      <Filter>json_parser</Filter>
    </ClInclude>
    <ClInclude Include="json_parser_testcase\testcase.h">
      <Filter>json_parser_testcase</Filter>
    </ClInclude>
    <ClInclude Include="playground.hpp">
      <Filter>源文件</Filter>
    </ClInclude>
    <ClInclude Include="permutations_46.hpp">
      <Filter>源文件</Filter>
=======
    <ClInclude Include="json_parser_testcase\testcase.h">
      <Filter>json_parser_testcase</Filter>
    </ClInclude>
    <ClInclude Include="ayy_json\lex.h">
      <Filter>ayy_json</Filter>
    </ClInclude>
    <ClInclude Include="ayy_json\parser.h">
      <Filter>ayy_json</Filter>
    </ClInclude>
    <ClInclude Include="ayy_json\dfa.h">
      <Filter>ayy_json</Filter>
>>>>>>> 5c2d861414268274565a6ec99f1b286237829f83
    </ClInclude>
  </ItemGroup>
</Project>